
Microsoft Visual Studio Solution File, Format Version 12.00
# Visual Studio Version 17
VisualStudioVersion = 17.9.34701.34
MinimumVisualStudioVersion = 10.0.40219.1
Project("{9A19103F-16F7-4668-BE54-9A1E7A4F7556}") = "WebApit4s", "WebApit4s\WebApit4s.csproj", "{20104C63-D5D7-479F-A08E-FD440408A7EF}"
EndProject
Global
	GlobalSection(SolutionConfigurationPlatforms) = preSolution
		Debug|Any CPU = Debug|Any CPU
		Release|Any CPU = Release|Any CPU
	EndGlobalSection
	GlobalSection(ProjectConfigurationPlatforms) = postSolution
		{20104C63-D5D7-479F-A08E-FD440408A7EF}.Debug|Any CPU.ActiveCfg = Debug|Any CPU
		{20104C63-D5D7-479F-A08E-FD440408A7EF}.Debug|Any CPU.Build.0 = Debug|Any CPU
		{20104C63-D5D7-479F-A08E-FD440408A7EF}.Release|Any CPU.ActiveCfg = Release|Any CPU
		{20104C63-D5D7-479F-A08E-FD440408A7EF}.Release|Any CPU.Build.0 = Release|Any CPU
	EndGlobalSection
	GlobalSection(SolutionProperties) = preSolution
		HideSolutionNode = FALSE
	EndGlobalSection
	GlobalSection(ExtensibilityGlobals) = postSolution
		SolutionGuid = {432CBC6F-CCC0-413B-8179-64F338B99F87}
	EndGlobalSection
EndGlobal
